{
  "name": "@cheelim1/typescript-sdk-demo2",
  "version": "1.0.0",
  "lockfileVersion": 2,
  "requires": true,
  "packages": {
    "": {
      "name": "@cheelim1/typescript-sdk-demo2",
      "version": "1.0.0",
      "license": "ISC",
      "dependencies": {
        "@cheelim1/typescript-sdk-demo2": "^1.0.0"
      }
    },
    "node_modules/@cheelim1/typescript-sdk-demo2": {
      "version": "1.0.0",
      "resolved": "https://registry.npmjs.org/@cheelim1/typescript-sdk-demo2/-/typescript-sdk-demo2-1.0.0.tgz",
      "integrity": "sha512-7gTr41xsHOCbelyIigMCNM7B4qB+xEFSRe7ouX23nGfSo+BHWN+YwLrD73a37Yo5I1b5uIMSodYqMfj/mFJ3ZQ=="
    }
  },
  "dependencies": {
    "@cheelim1/typescript-sdk-demo2": {
      "version": "1.0.0",
      "resolved": "https://registry.npmjs.org/@cheelim1/typescript-sdk-demo2/-/typescript-sdk-demo2-1.0.0.tgz",
      "integrity": "sha512-7gTr41xsHOCbelyIigMCNM7B4qB+xEFSRe7ouX23nGfSo+BHWN+YwLrD73a37Yo5I1b5uIMSodYqMfj/mFJ3ZQ=="
    }
  }
}
